
Microsoft Visual Studio Solution File, Format Version 12.00
# Visual Studio Version 17
VisualStudioVersion = 17.14.36310.24 d17.14
MinimumVisualStudioVersion = 10.0.40219.1
Project("{FAE04EC0-301F-11D3-BF4B-00C04F79EFBC}") = "File MCP Server", "FileMcpServer\FileMcpServer.csproj", "{44D1D089-542A-4EDD-98FA-F3F98C380CD3}"
EndProject
Global
	GlobalSection(SolutionConfigurationPlatforms) = preSolution
		Debug|Any CPU = Debug|Any CPU
		Release|Any CPU = Release|Any CPU
	EndGlobalSection
	GlobalSection(ProjectConfigurationPlatforms) = postSolution
		{44D1D089-542A-4EDD-98FA-F3F98C380CD3}.Debug|Any CPU.ActiveCfg = Debug|Any CPU
		{44D1D089-542A-4EDD-98FA-F3F98C380CD3}.Debug|Any CPU.Build.0 = Debug|Any CPU
		{44D1D089-542A-4EDD-98FA-F3F98C380CD3}.Release|Any CPU.ActiveCfg = Release|Any CPU
		{44D1D089-542A-4EDD-98FA-F3F98C380CD3}.Release|Any CPU.Build.0 = Release|Any CPU
	EndGlobalSection
	GlobalSection(SolutionProperties) = preSolution
		HideSolutionNode = FALSE
	EndGlobalSection
	GlobalSection(ExtensibilityGlobals) = postSolution
		SolutionGuid = {142FEA9F-3C96-4EA4-B1A8-A8E3E39FDF02}
	EndGlobalSection
EndGlobal
